
Microsoft Visual Studio Solution File, Format Version 12.00
# Visual Studio Version 17
VisualStudioVersion = 17.1.32210.238
MinimumVisualStudioVersion = 10.0.40219.1
Project("{8BC9CEB8-8B4A-11D0-8D11-00A0C91BC942}") = "Prob_01", "Prob_01\Prob_01.vcxproj", "{4DC7C88A-8A43-4173-8D54-3F71B3BD9FAF}"
EndProject
Project("{8BC9CEB8-8B4A-11D0-8D11-00A0C91BC942}") = "Prob_02", "Prob_02\Prob_02.vcxproj", "{813A1553-1572-43C0-A279-5B807FE955BC}"
EndProject
Project("{8BC9CEB8-8B4A-11D0-8D11-00A0C91BC942}") = "Prob_03", "Prob_03\Prob_03.vcxproj", "{C06E423D-09BD-42F5-AC95-52EB03252F25}"
EndProject
Global
	GlobalSection(SolutionConfigurationPlatforms) = preSolution
		Debug|x64 = Debug|x64
		Debug|x86 = Debug|x86
		Release|x64 = Release|x64
		Release|x86 = Release|x86
	EndGlobalSection
	GlobalSection(ProjectConfigurationPlatforms) = postSolution
		{4DC7C88A-8A43-4173-8D54-3F71B3BD9FAF}.Debug|x64.ActiveCfg = Debug|x64
		{4DC7C88A-8A43-4173-8D54-3F71B3BD9FAF}.Debug|x64.Build.0 = Debug|x64
		{4DC7C88A-8A43-4173-8D54-3F71B3BD9FAF}.Debug|x86.ActiveCfg = Debug|Win32
		{4DC7C88A-8A43-4173-8D54-3F71B3BD9FAF}.Debug|x86.Build.0 = Debug|Win32
		{4DC7C88A-8A43-4173-8D54-3F71B3BD9FAF}.Release|x64.ActiveCfg = Release|x64
		{4DC7C88A-8A43-4173-8D54-3F71B3BD9FAF}.Release|x64.Build.0 = Release|x64
		{4DC7C88A-8A43-4173-8D54-3F71B3BD9FAF}.Release|x86.ActiveCfg = Release|Win32
		{4DC7C88A-8A43-4173-8D54-3F71B3BD9FAF}.Release|x86.Build.0 = Release|Win32
		{813A1553-1572-43C0-A279-5B807FE955BC}.Debug|x64.ActiveCfg = Debug|x64
		{813A1553-1572-43C0-A279-5B807FE955BC}.Debug|x64.Build.0 = Debug|x64
		{813A1553-1572-43C0-A279-5B807FE955BC}.Debug|x86.ActiveCfg = Debug|Win32
		{813A1553-1572-43C0-A279-5B807FE955BC}.Debug|x86.Build.0 = Debug|Win32
		{813A1553-1572-43C0-A279-5B807FE955BC}.Release|x64.ActiveCfg = Release|x64
		{813A1553-1572-43C0-A279-5B807FE955BC}.Release|x64.Build.0 = Release|x64
		{813A1553-1572-43C0-A279-5B807FE955BC}.Release|x86.ActiveCfg = Release|Win32
		{813A1553-1572-43C0-A279-5B807FE955BC}.Release|x86.Build.0 = Release|Win32
		{C06E423D-09BD-42F5-AC95-52EB03252F25}.Debug|x64.ActiveCfg = Debug|x64
		{C06E423D-09BD-42F5-AC95-52EB03252F25}.Debug|x64.Build.0 = Debug|x64
		{C06E423D-09BD-42F5-AC95-52EB03252F25}.Debug|x86.ActiveCfg = Debug|Win32
		{C06E423D-09BD-42F5-AC95-52EB03252F25}.Debug|x86.Build.0 = Debug|Win32
		{C06E423D-09BD-42F5-AC95-52EB03252F25}.Release|x64.ActiveCfg = Release|x64
		{C06E423D-09BD-42F5-AC95-52EB03252F25}.Release|x64.Build.0 = Release|x64
		{C06E423D-09BD-42F5-AC95-52EB03252F25}.Release|x86.ActiveCfg = Release|Win32
		{C06E423D-09BD-42F5-AC95-52EB03252F25}.Release|x86.Build.0 = Release|Win32
	EndGlobalSection
	GlobalSection(SolutionProperties) = preSolution
		HideSolutionNode = FALSE
	EndGlobalSection
	GlobalSection(ExtensibilityGlobals) = postSolution
		SolutionGuid = {1D312154-3410-4BF7-BCF6-EABC022CA4B1}
	EndGlobalSection
EndGlobal
