
Microsoft Visual Studio Solution File, Format Version 12.00
# Visual Studio Version 17
VisualStudioVersion = 17.1.32210.238
MinimumVisualStudioVersion = 10.0.40219.1
Project("{8BC9CEB8-8B4A-11D0-8D11-00A0C91BC942}") = "Prob_12", "Prob_12\Prob_12.vcxproj", "{5E0EF051-11C6-4F20-8514-63171F5D606F}"
EndProject
Project("{8BC9CEB8-8B4A-11D0-8D11-00A0C91BC942}") = "Prob_13", "Prob_13\Prob_13.vcxproj", "{A6255930-0B47-40D9-AA73-630B4EB91840}"
EndProject
Project("{8BC9CEB8-8B4A-11D0-8D11-00A0C91BC942}") = "Prob_14", "Prob_14\Prob_14.vcxproj", "{95BA8D27-8C98-42B3-ACD7-6D19FF41D3E0}"
EndProject
Project("{8BC9CEB8-8B4A-11D0-8D11-00A0C91BC942}") = "Prob_15", "Prob_15\Prob_15.vcxproj", "{1E01D8FC-6284-4B5A-BF2E-E5C60C87E910}"
EndProject
Project("{8BC9CEB8-8B4A-11D0-8D11-00A0C91BC942}") = "Prob_16", "Prob_16\Prob_16.vcxproj", "{3B2B61B2-900F-4E7B-924A-04132F5E7D28}"
EndProject
Project("{8BC9CEB8-8B4A-11D0-8D11-00A0C91BC942}") = "Prob_17", "Prob_17\Prob_17.vcxproj", "{44306CE9-1858-4085-80AF-CF93339E549F}"
EndProject
Project("{8BC9CEB8-8B4A-11D0-8D11-00A0C91BC942}") = "Prob_18", "Prob_18\Prob_18.vcxproj", "{27B6F8AC-7C2A-4576-93BB-224D1B986414}"
EndProject
Project("{8BC9CEB8-8B4A-11D0-8D11-00A0C91BC942}") = "Prob_20", "Prob_20\Prob_20.vcxproj", "{95AD86F0-F0FB-4391-982F-F46575BABFAB}"
EndProject
Project("{8BC9CEB8-8B4A-11D0-8D11-00A0C91BC942}") = "Prob_22", "Prob_22\Prob_22.vcxproj", "{5DA570F9-BBD6-4FA4-A654-3ECC3B77E1F2}"
EndProject
Project("{8BC9CEB8-8B4A-11D0-8D11-00A0C91BC942}") = "Prob_23", "Prob_23\Prob_23.vcxproj", "{44BE57EA-3B5B-4FA1-B74A-CCE7D4D4D7D0}"
EndProject
Project("{8BC9CEB8-8B4A-11D0-8D11-00A0C91BC942}") = "Prob_26", "Prob_26\Prob_26.vcxproj", "{88717B92-399F-4043-9696-196DBC86668A}"
EndProject
Global
	GlobalSection(SolutionConfigurationPlatforms) = preSolution
		Debug|x64 = Debug|x64
		Debug|x86 = Debug|x86
		Release|x64 = Release|x64
		Release|x86 = Release|x86
	EndGlobalSection
	GlobalSection(ProjectConfigurationPlatforms) = postSolution
		{5E0EF051-11C6-4F20-8514-63171F5D606F}.Debug|x64.ActiveCfg = Debug|x64
		{5E0EF051-11C6-4F20-8514-63171F5D606F}.Debug|x64.Build.0 = Debug|x64
		{5E0EF051-11C6-4F20-8514-63171F5D606F}.Debug|x86.ActiveCfg = Debug|Win32
		{5E0EF051-11C6-4F20-8514-63171F5D606F}.Debug|x86.Build.0 = Debug|Win32
		{5E0EF051-11C6-4F20-8514-63171F5D606F}.Release|x64.ActiveCfg = Release|x64
		{5E0EF051-11C6-4F20-8514-63171F5D606F}.Release|x64.Build.0 = Release|x64
		{5E0EF051-11C6-4F20-8514-63171F5D606F}.Release|x86.ActiveCfg = Release|Win32
		{5E0EF051-11C6-4F20-8514-63171F5D606F}.Release|x86.Build.0 = Release|Win32
		{A6255930-0B47-40D9-AA73-630B4EB91840}.Debug|x64.ActiveCfg = Debug|x64
		{A6255930-0B47-40D9-AA73-630B4EB91840}.Debug|x64.Build.0 = Debug|x64
		{A6255930-0B47-40D9-AA73-630B4EB91840}.Debug|x86.ActiveCfg = Debug|Win32
		{A6255930-0B47-40D9-AA73-630B4EB91840}.Debug|x86.Build.0 = Debug|Win32
		{A6255930-0B47-40D9-AA73-630B4EB91840}.Release|x64.ActiveCfg = Release|x64
		{A6255930-0B47-40D9-AA73-630B4EB91840}.Release|x64.Build.0 = Release|x64
		{A6255930-0B47-40D9-AA73-630B4EB91840}.Release|x86.ActiveCfg = Release|Win32
		{A6255930-0B47-40D9-AA73-630B4EB91840}.Release|x86.Build.0 = Release|Win32
		{95BA8D27-8C98-42B3-ACD7-6D19FF41D3E0}.Debug|x64.ActiveCfg = Debug|x64
		{95BA8D27-8C98-42B3-ACD7-6D19FF41D3E0}.Debug|x64.Build.0 = Debug|x64
		{95BA8D27-8C98-42B3-ACD7-6D19FF41D3E0}.Debug|x86.ActiveCfg = Debug|Win32
		{95BA8D27-8C98-42B3-ACD7-6D19FF41D3E0}.Debug|x86.Build.0 = Debug|Win32
		{95BA8D27-8C98-42B3-ACD7-6D19FF41D3E0}.Release|x64.ActiveCfg = Release|x64
		{95BA8D27-8C98-42B3-ACD7-6D19FF41D3E0}.Release|x64.Build.0 = Release|x64
		{95BA8D27-8C98-42B3-ACD7-6D19FF41D3E0}.Release|x86.ActiveCfg = Release|Win32
		{95BA8D27-8C98-42B3-ACD7-6D19FF41D3E0}.Release|x86.Build.0 = Release|Win32
		{1E01D8FC-6284-4B5A-BF2E-E5C60C87E910}.Debug|x64.ActiveCfg = Debug|x64
		{1E01D8FC-6284-4B5A-BF2E-E5C60C87E910}.Debug|x64.Build.0 = Debug|x64
		{1E01D8FC-6284-4B5A-BF2E-E5C60C87E910}.Debug|x86.ActiveCfg = Debug|Win32
		{1E01D8FC-6284-4B5A-BF2E-E5C60C87E910}.Debug|x86.Build.0 = Debug|Win32
		{1E01D8FC-6284-4B5A-BF2E-E5C60C87E910}.Release|x64.ActiveCfg = Release|x64
		{1E01D8FC-6284-4B5A-BF2E-E5C60C87E910}.Release|x64.Build.0 = Release|x64
		{1E01D8FC-6284-4B5A-BF2E-E5C60C87E910}.Release|x86.ActiveCfg = Release|Win32
		{1E01D8FC-6284-4B5A-BF2E-E5C60C87E910}.Release|x86.Build.0 = Release|Win32
		{3B2B61B2-900F-4E7B-924A-04132F5E7D28}.Debug|x64.ActiveCfg = Debug|x64
		{3B2B61B2-900F-4E7B-924A-04132F5E7D28}.Debug|x64.Build.0 = Debug|x64
		{3B2B61B2-900F-4E7B-924A-04132F5E7D28}.Debug|x86.ActiveCfg = Debug|Win32
		{3B2B61B2-900F-4E7B-924A-04132F5E7D28}.Debug|x86.Build.0 = Debug|Win32
		{3B2B61B2-900F-4E7B-924A-04132F5E7D28}.Release|x64.ActiveCfg = Release|x64
		{3B2B61B2-900F-4E7B-924A-04132F5E7D28}.Release|x64.Build.0 = Release|x64
		{3B2B61B2-900F-4E7B-924A-04132F5E7D28}.Release|x86.ActiveCfg = Release|Win32
		{3B2B61B2-900F-4E7B-924A-04132F5E7D28}.Release|x86.Build.0 = Release|Win32
		{44306CE9-1858-4085-80AF-CF93339E549F}.Debug|x64.ActiveCfg = Debug|x64
		{44306CE9-1858-4085-80AF-CF93339E549F}.Debug|x64.Build.0 = Debug|x64
		{44306CE9-1858-4085-80AF-CF93339E549F}.Debug|x86.ActiveCfg = Debug|Win32
		{44306CE9-1858-4085-80AF-CF93339E549F}.Debug|x86.Build.0 = Debug|Win32
		{44306CE9-1858-4085-80AF-CF93339E549F}.Release|x64.ActiveCfg = Release|x64
		{44306CE9-1858-4085-80AF-CF93339E549F}.Release|x64.Build.0 = Release|x64
		{44306CE9-1858-4085-80AF-CF93339E549F}.Release|x86.ActiveCfg = Release|Win32
		{44306CE9-1858-4085-80AF-CF93339E549F}.Release|x86.Build.0 = Release|Win32
		{27B6F8AC-7C2A-4576-93BB-224D1B986414}.Debug|x64.ActiveCfg = Debug|x64
		{27B6F8AC-7C2A-4576-93BB-224D1B986414}.Debug|x64.Build.0 = Debug|x64
		{27B6F8AC-7C2A-4576-93BB-224D1B986414}.Debug|x86.ActiveCfg = Debug|Win32
		{27B6F8AC-7C2A-4576-93BB-224D1B986414}.Debug|x86.Build.0 = Debug|Win32
		{27B6F8AC-7C2A-4576-93BB-224D1B986414}.Release|x64.ActiveCfg = Release|x64
		{27B6F8AC-7C2A-4576-93BB-224D1B986414}.Release|x64.Build.0 = Release|x64
		{27B6F8AC-7C2A-4576-93BB-224D1B986414}.Release|x86.ActiveCfg = Release|Win32
		{27B6F8AC-7C2A-4576-93BB-224D1B986414}.Release|x86.Build.0 = Release|Win32
		{95AD86F0-F0FB-4391-982F-F46575BABFAB}.Debug|x64.ActiveCfg = Debug|x64
		{95AD86F0-F0FB-4391-982F-F46575BABFAB}.Debug|x64.Build.0 = Debug|x64
		{95AD86F0-F0FB-4391-982F-F46575BABFAB}.Debug|x86.ActiveCfg = Debug|Win32
		{95AD86F0-F0FB-4391-982F-F46575BABFAB}.Debug|x86.Build.0 = Debug|Win32
		{95AD86F0-F0FB-4391-982F-F46575BABFAB}.Release|x64.ActiveCfg = Release|x64
		{95AD86F0-F0FB-4391-982F-F46575BABFAB}.Release|x64.Build.0 = Release|x64
		{95AD86F0-F0FB-4391-982F-F46575BABFAB}.Release|x86.ActiveCfg = Release|Win32
		{95AD86F0-F0FB-4391-982F-F46575BABFAB}.Release|x86.Build.0 = Release|Win32
		{5DA570F9-BBD6-4FA4-A654-3ECC3B77E1F2}.Debug|x64.ActiveCfg = Debug|x64
		{5DA570F9-BBD6-4FA4-A654-3ECC3B77E1F2}.Debug|x64.Build.0 = Debug|x64
		{5DA570F9-BBD6-4FA4-A654-3ECC3B77E1F2}.Debug|x86.ActiveCfg = Debug|Win32
		{5DA570F9-BBD6-4FA4-A654-3ECC3B77E1F2}.Debug|x86.Build.0 = Debug|Win32
		{5DA570F9-BBD6-4FA4-A654-3ECC3B77E1F2}.Release|x64.ActiveCfg = Release|x64
		{5DA570F9-BBD6-4FA4-A654-3ECC3B77E1F2}.Release|x64.Build.0 = Release|x64
		{5DA570F9-BBD6-4FA4-A654-3ECC3B77E1F2}.Release|x86.ActiveCfg = Release|Win32
		{5DA570F9-BBD6-4FA4-A654-3ECC3B77E1F2}.Release|x86.Build.0 = Release|Win32
		{44BE57EA-3B5B-4FA1-B74A-CCE7D4D4D7D0}.Debug|x64.ActiveCfg = Debug|x64
		{44BE57EA-3B5B-4FA1-B74A-CCE7D4D4D7D0}.Debug|x64.Build.0 = Debug|x64
		{44BE57EA-3B5B-4FA1-B74A-CCE7D4D4D7D0}.Debug|x86.ActiveCfg = Debug|Win32
		{44BE57EA-3B5B-4FA1-B74A-CCE7D4D4D7D0}.Debug|x86.Build.0 = Debug|Win32
		{44BE57EA-3B5B-4FA1-B74A-CCE7D4D4D7D0}.Release|x64.ActiveCfg = Release|x64
		{44BE57EA-3B5B-4FA1-B74A-CCE7D4D4D7D0}.Release|x64.Build.0 = Release|x64
		{44BE57EA-3B5B-4FA1-B74A-CCE7D4D4D7D0}.Release|x86.ActiveCfg = Release|Win32
		{44BE57EA-3B5B-4FA1-B74A-CCE7D4D4D7D0}.Release|x86.Build.0 = Release|Win32
		{88717B92-399F-4043-9696-196DBC86668A}.Debug|x64.ActiveCfg = Debug|x64
		{88717B92-399F-4043-9696-196DBC86668A}.Debug|x64.Build.0 = Debug|x64
		{88717B92-399F-4043-9696-196DBC86668A}.Debug|x86.ActiveCfg = Debug|Win32
		{88717B92-399F-4043-9696-196DBC86668A}.Debug|x86.Build.0 = Debug|Win32
		{88717B92-399F-4043-9696-196DBC86668A}.Release|x64.ActiveCfg = Release|x64
		{88717B92-399F-4043-9696-196DBC86668A}.Release|x64.Build.0 = Release|x64
		{88717B92-399F-4043-9696-196DBC86668A}.Release|x86.ActiveCfg = Release|Win32
		{88717B92-399F-4043-9696-196DBC86668A}.Release|x86.Build.0 = Release|Win32
	EndGlobalSection
	GlobalSection(SolutionProperties) = preSolution
		HideSolutionNode = FALSE
	EndGlobalSection
	GlobalSection(ExtensibilityGlobals) = postSolution
		SolutionGuid = {9A17CF00-5671-4BB9-89F4-0D977FD29215}
	EndGlobalSection
EndGlobal
